
Microsoft Visual Studio Solution File, Format Version 12.00
# Visual Studio Version 17
VisualStudioVersion = 17.9.34714.143
MinimumVisualStudioVersion = 10.0.40219.1
Project("{FAE04EC0-301F-11D3-BF4B-00C04F79EFBC}") = "Aprendendo", "Aprendendo.csproj", "{CD346FF0-5449-4453-99CA-674D8B477297}"
EndProject
Global
	GlobalSection(SolutionConfigurationPlatforms) = preSolution
		Debug|Any CPU = Debug|Any CPU
		Release|Any CPU = Release|Any CPU
	EndGlobalSection
	GlobalSection(ProjectConfigurationPlatforms) = postSolution
		{CD346FF0-5449-4453-99CA-674D8B477297}.Debug|Any CPU.ActiveCfg = Debug|Any CPU
		{CD346FF0-5449-4453-99CA-674D8B477297}.Debug|Any CPU.Build.0 = Debug|Any CPU
		{CD346FF0-5449-4453-99CA-674D8B477297}.Release|Any CPU.ActiveCfg = Release|Any CPU
		{CD346FF0-5449-4453-99CA-674D8B477297}.Release|Any CPU.Build.0 = Release|Any CPU
	EndGlobalSection
	GlobalSection(SolutionProperties) = preSolution
		HideSolutionNode = FALSE
	EndGlobalSection
	GlobalSection(ExtensibilityGlobals) = postSolution
		SolutionGuid = {C9383CCE-56FB-43B5-AA38-A80827448E73}
	EndGlobalSection
EndGlobal
